
Microsoft Visual Studio Solution File, Format Version 12.00
# Visual Studio Version 16
VisualStudioVersion = 16.0.31112.23
MinimumVisualStudioVersion = 10.0.40219.1
Project("{F2A71F9B-5D33-465A-A702-920D77279786}") = "Op_aritmeticas_con_F_Sharp", "Op_aritmeticas_con_F_Sharp\Op_aritmeticas_con_F_Sharp.fsproj", "{749219F4-121F-480E-A85A-7F8C70EAC686}"
EndProject
Global
	GlobalSection(SolutionConfigurationPlatforms) = preSolution
		Debug|Any CPU = Debug|Any CPU
		Release|Any CPU = Release|Any CPU
	EndGlobalSection
	GlobalSection(ProjectConfigurationPlatforms) = postSolution
		{749219F4-121F-480E-A85A-7F8C70EAC686}.Debug|Any CPU.ActiveCfg = Debug|Any CPU
		{749219F4-121F-480E-A85A-7F8C70EAC686}.Debug|Any CPU.Build.0 = Debug|Any CPU
		{749219F4-121F-480E-A85A-7F8C70EAC686}.Release|Any CPU.ActiveCfg = Release|Any CPU
		{749219F4-121F-480E-A85A-7F8C70EAC686}.Release|Any CPU.Build.0 = Release|Any CPU
	EndGlobalSection
	GlobalSection(SolutionProperties) = preSolution
		HideSolutionNode = FALSE
	EndGlobalSection
	GlobalSection(ExtensibilityGlobals) = postSolution
		SolutionGuid = {DD50938C-BBEE-46D8-A0B8-6E48CA351E52}
	EndGlobalSection
EndGlobal
