
Microsoft Visual Studio Solution File, Format Version 12.00
# Visual Studio Version 16
VisualStudioVersion = 16.0.31112.23
MinimumVisualStudioVersion = 10.0.40219.1
Project("{FAE04EC0-301F-11D3-BF4B-00C04F79EFBC}") = "calculadora_en_cSharp", "calculadora_en_cSharp\calculadora_en_cSharp.csproj", "{EB996467-DAC2-4E53-920E-B1DB8244F15E}"
EndProject
Global
	GlobalSection(SolutionConfigurationPlatforms) = preSolution
		Debug|Any CPU = Debug|Any CPU
		Release|Any CPU = Release|Any CPU
	EndGlobalSection
	GlobalSection(ProjectConfigurationPlatforms) = postSolution
		{EB996467-DAC2-4E53-920E-B1DB8244F15E}.Debug|Any CPU.ActiveCfg = Debug|Any CPU
		{EB996467-DAC2-4E53-920E-B1DB8244F15E}.Debug|Any CPU.Build.0 = Debug|Any CPU
		{EB996467-DAC2-4E53-920E-B1DB8244F15E}.Release|Any CPU.ActiveCfg = Release|Any CPU
		{EB996467-DAC2-4E53-920E-B1DB8244F15E}.Release|Any CPU.Build.0 = Release|Any CPU
	EndGlobalSection
	GlobalSection(SolutionProperties) = preSolution
		HideSolutionNode = FALSE
	EndGlobalSection
	GlobalSection(ExtensibilityGlobals) = postSolution
		SolutionGuid = {A4737444-8882-42E2-9A1C-FEFC8F84D9A9}
	EndGlobalSection
EndGlobal
